
Microsoft Visual Studio Solution File, Format Version 12.00
# Visual Studio 14
VisualStudioVersion = 14.0.25029.0
MinimumVisualStudioVersion = 10.0.40219.1
Project("{FAE04EC0-301F-11D3-BF4B-00C04F79EFBC}") = "FunnyBees", "FunnyBees\FunnyBees.csproj", "{726A3978-0B0F-437C-A406-1062673CB3E7}"
EndProject
Project("{FAE04EC0-301F-11D3-BF4B-00C04F79EFBC}") = "LibraProgramming.Windows.Locator", "LibraProgramming.Windows.Locator\LibraProgramming.Windows.Locator.csproj", "{F5D1F73F-3DE8-430D-BA05-63DCD5979F3A}"
EndProject
Project("{FAE04EC0-301F-11D3-BF4B-00C04F79EFBC}") = "LibraProgramming.Windows.Interactivity", "LibraProgramming.Windows.Interactivity\LibraProgramming.Windows.Interactivity.csproj", "{2D4157F0-799C-4EFC-B768-AA60F8864CC3}"
EndProject
Project("{FAE04EC0-301F-11D3-BF4B-00C04F79EFBC}") = "LibraProgramming.Windows.Interaction", "LibraProgramming.Windows.Interaction\LibraProgramming.Windows.Interaction.csproj", "{350A8B7B-21F2-4C1D-8047-E3B1D54DDBDD}"
EndProject
Project("{FAE04EC0-301F-11D3-BF4B-00C04F79EFBC}") = "LibraProgramming.Windows", "LibraProgramming.Windows\LibraProgramming.Windows.csproj", "{A2B61275-BBAA-4F7C-867C-78337354B28D}"
EndProject
Project("{FAE04EC0-301F-11D3-BF4B-00C04F79EFBC}") = "LibraProgramming.Windows.UI.Xaml", "LibraProgramming.Windows.UI.Xaml\LibraProgramming.Windows.UI.Xaml.csproj", "{3BE83C00-6868-4607-9370-DDA54C351BD1}"
EndProject
Project("{FAE04EC0-301F-11D3-BF4B-00C04F79EFBC}") = "LibraProgramming.Hessian", "LibraProgramming.Hessian\LibraProgramming.Hessian.csproj", "{CDFA46E2-5D84-47F6-A099-D1578CDD5B4F}"
EndProject
Project("{FAE04EC0-301F-11D3-BF4B-00C04F79EFBC}") = "LibraProgramming.FunnyBees", "LibraProgramming.FunnyBees\LibraProgramming.FunnyBees.csproj", "{42DA47A5-6ACA-4A36-B4C4-5CC634E2303D}"
EndProject
Global
	GlobalSection(SolutionConfigurationPlatforms) = preSolution
		Debug|Any CPU = Debug|Any CPU
		Debug|ARM = Debug|ARM
		Debug|x64 = Debug|x64
		Debug|x86 = Debug|x86
		Release|Any CPU = Release|Any CPU
		Release|ARM = Release|ARM
		Release|x64 = Release|x64
		Release|x86 = Release|x86
	EndGlobalSection
	GlobalSection(ProjectConfigurationPlatforms) = postSolution
		{726A3978-0B0F-437C-A406-1062673CB3E7}.Debug|Any CPU.ActiveCfg = Debug|x86
		{726A3978-0B0F-437C-A406-1062673CB3E7}.Debug|ARM.ActiveCfg = Debug|ARM
		{726A3978-0B0F-437C-A406-1062673CB3E7}.Debug|ARM.Build.0 = Debug|ARM
		{726A3978-0B0F-437C-A406-1062673CB3E7}.Debug|ARM.Deploy.0 = Debug|ARM
		{726A3978-0B0F-437C-A406-1062673CB3E7}.Debug|x64.ActiveCfg = Debug|x64
		{726A3978-0B0F-437C-A406-1062673CB3E7}.Debug|x64.Build.0 = Debug|x64
		{726A3978-0B0F-437C-A406-1062673CB3E7}.Debug|x64.Deploy.0 = Debug|x64
		{726A3978-0B0F-437C-A406-1062673CB3E7}.Debug|x86.ActiveCfg = Debug|x86
		{726A3978-0B0F-437C-A406-1062673CB3E7}.Debug|x86.Build.0 = Debug|x86
		{726A3978-0B0F-437C-A406-1062673CB3E7}.Debug|x86.Deploy.0 = Debug|x86
		{726A3978-0B0F-437C-A406-1062673CB3E7}.Release|Any CPU.ActiveCfg = Release|x86
		{726A3978-0B0F-437C-A406-1062673CB3E7}.Release|ARM.ActiveCfg = Release|ARM
		{726A3978-0B0F-437C-A406-1062673CB3E7}.Release|ARM.Build.0 = Release|ARM
		{726A3978-0B0F-437C-A406-1062673CB3E7}.Release|ARM.Deploy.0 = Release|ARM
		{726A3978-0B0F-437C-A406-1062673CB3E7}.Release|x64.ActiveCfg = Release|x64
		{726A3978-0B0F-437C-A406-1062673CB3E7}.Release|x64.Build.0 = Release|x64
		{726A3978-0B0F-437C-A406-1062673CB3E7}.Release|x64.Deploy.0 = Release|x64
		{726A3978-0B0F-437C-A406-1062673CB3E7}.Release|x86.ActiveCfg = Release|x86
		{726A3978-0B0F-437C-A406-1062673CB3E7}.Release|x86.Build.0 = Release|x86
		{726A3978-0B0F-437C-A406-1062673CB3E7}.Release|x86.Deploy.0 = Release|x86
		{F5D1F73F-3DE8-430D-BA05-63DCD5979F3A}.Debug|Any CPU.ActiveCfg = Debug|Any CPU
		{F5D1F73F-3DE8-430D-BA05-63DCD5979F3A}.Debug|Any CPU.Build.0 = Debug|Any CPU
		{F5D1F73F-3DE8-430D-BA05-63DCD5979F3A}.Debug|ARM.ActiveCfg = Debug|ARM
		{F5D1F73F-3DE8-430D-BA05-63DCD5979F3A}.Debug|ARM.Build.0 = Debug|ARM
		{F5D1F73F-3DE8-430D-BA05-63DCD5979F3A}.Debug|x64.ActiveCfg = Debug|x64
		{F5D1F73F-3DE8-430D-BA05-63DCD5979F3A}.Debug|x64.Build.0 = Debug|x64
		{F5D1F73F-3DE8-430D-BA05-63DCD5979F3A}.Debug|x86.ActiveCfg = Debug|x86
		{F5D1F73F-3DE8-430D-BA05-63DCD5979F3A}.Debug|x86.Build.0 = Debug|x86
		{F5D1F73F-3DE8-430D-BA05-63DCD5979F3A}.Release|Any CPU.ActiveCfg = Release|Any CPU
		{F5D1F73F-3DE8-430D-BA05-63DCD5979F3A}.Release|Any CPU.Build.0 = Release|Any CPU
		{F5D1F73F-3DE8-430D-BA05-63DCD5979F3A}.Release|ARM.ActiveCfg = Release|ARM
		{F5D1F73F-3DE8-430D-BA05-63DCD5979F3A}.Release|ARM.Build.0 = Release|ARM
		{F5D1F73F-3DE8-430D-BA05-63DCD5979F3A}.Release|x64.ActiveCfg = Release|x64
		{F5D1F73F-3DE8-430D-BA05-63DCD5979F3A}.Release|x64.Build.0 = Release|x64
		{F5D1F73F-3DE8-430D-BA05-63DCD5979F3A}.Release|x86.ActiveCfg = Release|x86
		{F5D1F73F-3DE8-430D-BA05-63DCD5979F3A}.Release|x86.Build.0 = Release|x86
		{2D4157F0-799C-4EFC-B768-AA60F8864CC3}.Debug|Any CPU.ActiveCfg = Debug|Any CPU
		{2D4157F0-799C-4EFC-B768-AA60F8864CC3}.Debug|Any CPU.Build.0 = Debug|Any CPU
		{2D4157F0-799C-4EFC-B768-AA60F8864CC3}.Debug|ARM.ActiveCfg = Debug|ARM
		{2D4157F0-799C-4EFC-B768-AA60F8864CC3}.Debug|ARM.Build.0 = Debug|ARM
		{2D4157F0-799C-4EFC-B768-AA60F8864CC3}.Debug|x64.ActiveCfg = Debug|x64
		{2D4157F0-799C-4EFC-B768-AA60F8864CC3}.Debug|x64.Build.0 = Debug|x64
		{2D4157F0-799C-4EFC-B768-AA60F8864CC3}.Debug|x86.ActiveCfg = Debug|x86
		{2D4157F0-799C-4EFC-B768-AA60F8864CC3}.Debug|x86.Build.0 = Debug|x86
		{2D4157F0-799C-4EFC-B768-AA60F8864CC3}.Release|Any CPU.ActiveCfg = Release|Any CPU
		{2D4157F0-799C-4EFC-B768-AA60F8864CC3}.Release|Any CPU.Build.0 = Release|Any CPU
		{2D4157F0-799C-4EFC-B768-AA60F8864CC3}.Release|ARM.ActiveCfg = Release|ARM
		{2D4157F0-799C-4EFC-B768-AA60F8864CC3}.Release|ARM.Build.0 = Release|ARM
		{2D4157F0-799C-4EFC-B768-AA60F8864CC3}.Release|x64.ActiveCfg = Release|x64
		{2D4157F0-799C-4EFC-B768-AA60F8864CC3}.Release|x64.Build.0 = Release|x64
		{2D4157F0-799C-4EFC-B768-AA60F8864CC3}.Release|x86.ActiveCfg = Release|x86
		{2D4157F0-799C-4EFC-B768-AA60F8864CC3}.Release|x86.Build.0 = Release|x86
		{350A8B7B-21F2-4C1D-8047-E3B1D54DDBDD}.Debug|Any CPU.ActiveCfg = Debug|Any CPU
		{350A8B7B-21F2-4C1D-8047-E3B1D54DDBDD}.Debug|Any CPU.Build.0 = Debug|Any CPU
		{350A8B7B-21F2-4C1D-8047-E3B1D54DDBDD}.Debug|ARM.ActiveCfg = Debug|ARM
		{350A8B7B-21F2-4C1D-8047-E3B1D54DDBDD}.Debug|ARM.Build.0 = Debug|ARM
		{350A8B7B-21F2-4C1D-8047-E3B1D54DDBDD}.Debug|x64.ActiveCfg = Debug|x64
		{350A8B7B-21F2-4C1D-8047-E3B1D54DDBDD}.Debug|x64.Build.0 = Debug|x64
		{350A8B7B-21F2-4C1D-8047-E3B1D54DDBDD}.Debug|x86.ActiveCfg = Debug|x86
		{350A8B7B-21F2-4C1D-8047-E3B1D54DDBDD}.Debug|x86.Build.0 = Debug|x86
		{350A8B7B-21F2-4C1D-8047-E3B1D54DDBDD}.Release|Any CPU.ActiveCfg = Release|Any CPU
		{350A8B7B-21F2-4C1D-8047-E3B1D54DDBDD}.Release|Any CPU.Build.0 = Release|Any CPU
		{350A8B7B-21F2-4C1D-8047-E3B1D54DDBDD}.Release|ARM.ActiveCfg = Release|ARM
		{350A8B7B-21F2-4C1D-8047-E3B1D54DDBDD}.Release|ARM.Build.0 = Release|ARM
		{350A8B7B-21F2-4C1D-8047-E3B1D54DDBDD}.Release|x64.ActiveCfg = Release|x64
		{350A8B7B-21F2-4C1D-8047-E3B1D54DDBDD}.Release|x64.Build.0 = Release|x64
		{350A8B7B-21F2-4C1D-8047-E3B1D54DDBDD}.Release|x86.ActiveCfg = Release|x86
		{350A8B7B-21F2-4C1D-8047-E3B1D54DDBDD}.Release|x86.Build.0 = Release|x86
		{A2B61275-BBAA-4F7C-867C-78337354B28D}.Debug|Any CPU.ActiveCfg = Debug|Any CPU
		{A2B61275-BBAA-4F7C-867C-78337354B28D}.Debug|Any CPU.Build.0 = Debug|Any CPU
		{A2B61275-BBAA-4F7C-867C-78337354B28D}.Debug|ARM.ActiveCfg = Debug|ARM
		{A2B61275-BBAA-4F7C-867C-78337354B28D}.Debug|ARM.Build.0 = Debug|ARM
		{A2B61275-BBAA-4F7C-867C-78337354B28D}.Debug|x64.ActiveCfg = Debug|x64
		{A2B61275-BBAA-4F7C-867C-78337354B28D}.Debug|x64.Build.0 = Debug|x64
		{A2B61275-BBAA-4F7C-867C-78337354B28D}.Debug|x86.ActiveCfg = Debug|x86
		{A2B61275-BBAA-4F7C-867C-78337354B28D}.Debug|x86.Build.0 = Debug|x86
		{A2B61275-BBAA-4F7C-867C-78337354B28D}.Release|Any CPU.ActiveCfg = Release|Any CPU
		{A2B61275-BBAA-4F7C-867C-78337354B28D}.Release|Any CPU.Build.0 = Release|Any CPU
		{A2B61275-BBAA-4F7C-867C-78337354B28D}.Release|ARM.ActiveCfg = Release|ARM
		{A2B61275-BBAA-4F7C-867C-78337354B28D}.Release|ARM.Build.0 = Release|ARM
		{A2B61275-BBAA-4F7C-867C-78337354B28D}.Release|x64.ActiveCfg = Release|x64
		{A2B61275-BBAA-4F7C-867C-78337354B28D}.Release|x64.Build.0 = Release|x64
		{A2B61275-BBAA-4F7C-867C-78337354B28D}.Release|x86.ActiveCfg = Release|x86
		{A2B61275-BBAA-4F7C-867C-78337354B28D}.Release|x86.Build.0 = Release|x86
		{3BE83C00-6868-4607-9370-DDA54C351BD1}.Debug|Any CPU.ActiveCfg = Debug|Any CPU
		{3BE83C00-6868-4607-9370-DDA54C351BD1}.Debug|Any CPU.Build.0 = Debug|Any CPU
		{3BE83C00-6868-4607-9370-DDA54C351BD1}.Debug|ARM.ActiveCfg = Debug|ARM
		{3BE83C00-6868-4607-9370-DDA54C351BD1}.Debug|ARM.Build.0 = Debug|ARM
		{3BE83C00-6868-4607-9370-DDA54C351BD1}.Debug|x64.ActiveCfg = Debug|x64
		{3BE83C00-6868-4607-9370-DDA54C351BD1}.Debug|x64.Build.0 = Debug|x64
		{3BE83C00-6868-4607-9370-DDA54C351BD1}.Debug|x86.ActiveCfg = Debug|x86
		{3BE83C00-6868-4607-9370-DDA54C351BD1}.Debug|x86.Build.0 = Debug|x86
		{3BE83C00-6868-4607-9370-DDA54C351BD1}.Release|Any CPU.ActiveCfg = Release|Any CPU
		{3BE83C00-6868-4607-9370-DDA54C351BD1}.Release|Any CPU.Build.0 = Release|Any CPU
		{3BE83C00-6868-4607-9370-DDA54C351BD1}.Release|ARM.ActiveCfg = Release|ARM
		{3BE83C00-6868-4607-9370-DDA54C351BD1}.Release|ARM.Build.0 = Release|ARM
		{3BE83C00-6868-4607-9370-DDA54C351BD1}.Release|x64.ActiveCfg = Release|x64
		{3BE83C00-6868-4607-9370-DDA54C351BD1}.Release|x64.Build.0 = Release|x64
		{3BE83C00-6868-4607-9370-DDA54C351BD1}.Release|x86.ActiveCfg = Release|x86
		{3BE83C00-6868-4607-9370-DDA54C351BD1}.Release|x86.Build.0 = Release|x86
		{CDFA46E2-5D84-47F6-A099-D1578CDD5B4F}.Debug|Any CPU.ActiveCfg = Debug|Any CPU
		{CDFA46E2-5D84-47F6-A099-D1578CDD5B4F}.Debug|Any CPU.Build.0 = Debug|Any CPU
		{CDFA46E2-5D84-47F6-A099-D1578CDD5B4F}.Debug|ARM.ActiveCfg = Debug|ARM
		{CDFA46E2-5D84-47F6-A099-D1578CDD5B4F}.Debug|ARM.Build.0 = Debug|ARM
		{CDFA46E2-5D84-47F6-A099-D1578CDD5B4F}.Debug|x64.ActiveCfg = Debug|x64
		{CDFA46E2-5D84-47F6-A099-D1578CDD5B4F}.Debug|x64.Build.0 = Debug|x64
		{CDFA46E2-5D84-47F6-A099-D1578CDD5B4F}.Debug|x86.ActiveCfg = Debug|x86
		{CDFA46E2-5D84-47F6-A099-D1578CDD5B4F}.Debug|x86.Build.0 = Debug|x86
		{CDFA46E2-5D84-47F6-A099-D1578CDD5B4F}.Release|Any CPU.ActiveCfg = Release|Any CPU
		{CDFA46E2-5D84-47F6-A099-D1578CDD5B4F}.Release|Any CPU.Build.0 = Release|Any CPU
		{CDFA46E2-5D84-47F6-A099-D1578CDD5B4F}.Release|ARM.ActiveCfg = Release|ARM
		{CDFA46E2-5D84-47F6-A099-D1578CDD5B4F}.Release|ARM.Build.0 = Release|ARM
		{CDFA46E2-5D84-47F6-A099-D1578CDD5B4F}.Release|x64.ActiveCfg = Release|x64
		{CDFA46E2-5D84-47F6-A099-D1578CDD5B4F}.Release|x64.Build.0 = Release|x64
		{CDFA46E2-5D84-47F6-A099-D1578CDD5B4F}.Release|x86.ActiveCfg = Release|x86
		{CDFA46E2-5D84-47F6-A099-D1578CDD5B4F}.Release|x86.Build.0 = Release|x86
		{42DA47A5-6ACA-4A36-B4C4-5CC634E2303D}.Debug|Any CPU.ActiveCfg = Debug|Any CPU
		{42DA47A5-6ACA-4A36-B4C4-5CC634E2303D}.Debug|Any CPU.Build.0 = Debug|Any CPU
		{42DA47A5-6ACA-4A36-B4C4-5CC634E2303D}.Debug|ARM.ActiveCfg = Debug|ARM
		{42DA47A5-6ACA-4A36-B4C4-5CC634E2303D}.Debug|ARM.Build.0 = Debug|ARM
		{42DA47A5-6ACA-4A36-B4C4-5CC634E2303D}.Debug|x64.ActiveCfg = Debug|x64
		{42DA47A5-6ACA-4A36-B4C4-5CC634E2303D}.Debug|x64.Build.0 = Debug|x64
		{42DA47A5-6ACA-4A36-B4C4-5CC634E2303D}.Debug|x86.ActiveCfg = Debug|x86
		{42DA47A5-6ACA-4A36-B4C4-5CC634E2303D}.Debug|x86.Build.0 = Debug|x86
		{42DA47A5-6ACA-4A36-B4C4-5CC634E2303D}.Release|Any CPU.ActiveCfg = Release|Any CPU
		{42DA47A5-6ACA-4A36-B4C4-5CC634E2303D}.Release|Any CPU.Build.0 = Release|Any CPU
		{42DA47A5-6ACA-4A36-B4C4-5CC634E2303D}.Release|ARM.ActiveCfg = Release|ARM
		{42DA47A5-6ACA-4A36-B4C4-5CC634E2303D}.Release|ARM.Build.0 = Release|ARM
		{42DA47A5-6ACA-4A36-B4C4-5CC634E2303D}.Release|x64.ActiveCfg = Release|x64
		{42DA47A5-6ACA-4A36-B4C4-5CC634E2303D}.Release|x64.Build.0 = Release|x64
		{42DA47A5-6ACA-4A36-B4C4-5CC634E2303D}.Release|x86.ActiveCfg = Release|x86
		{42DA47A5-6ACA-4A36-B4C4-5CC634E2303D}.Release|x86.Build.0 = Release|x86
	EndGlobalSection
	GlobalSection(SolutionProperties) = preSolution
		HideSolutionNode = FALSE
	EndGlobalSection
EndGlobal
